
Microsoft Visual Studio Solution File, Format Version 12.00
# Visual Studio Version 16
VisualStudioVersion = 16.0.31025.194
MinimumVisualStudioVersion = 10.0.40219.1
Project("{FAE04EC0-301F-11D3-BF4B-00C04F79EFBC}") = "BookManager", "BookManager\BookManager.csproj", "{28707300-1589-4C1C-8671-E51F8126B67F}"
EndProject
Global
	GlobalSection(SolutionConfigurationPlatforms) = preSolution
		Debug|Any CPU = Debug|Any CPU
		Release|Any CPU = Release|Any CPU
	EndGlobalSection
	GlobalSection(ProjectConfigurationPlatforms) = postSolution
		{28707300-1589-4C1C-8671-E51F8126B67F}.Debug|Any CPU.ActiveCfg = Debug|Any CPU
		{28707300-1589-4C1C-8671-E51F8126B67F}.Debug|Any CPU.Build.0 = Debug|Any CPU
		{28707300-1589-4C1C-8671-E51F8126B67F}.Release|Any CPU.ActiveCfg = Release|Any CPU
		{28707300-1589-4C1C-8671-E51F8126B67F}.Release|Any CPU.Build.0 = Release|Any CPU
	EndGlobalSection
	GlobalSection(SolutionProperties) = preSolution
		HideSolutionNode = FALSE
	EndGlobalSection
	GlobalSection(ExtensibilityGlobals) = postSolution
		SolutionGuid = {B4EF469B-D7A1-4EB7-B6A7-FB3692001779}
	EndGlobalSection
EndGlobal
